
Microsoft Visual Studio Solution File, Format Version 12.00
# Visual Studio Version 17
VisualStudioVersion = 17.9.34728.123
MinimumVisualStudioVersion = 10.0.40219.1
Project("{FAE04EC0-301F-11D3-BF4B-00C04F79EFBC}") = "SkyGuide", "SkyGuide\SkyGuide.csproj", "{320217FF-096D-47A6-8DDE-3D2EBEE8456E}"
EndProject
Global
	GlobalSection(SolutionConfigurationPlatforms) = preSolution
		Debug|Any CPU = Debug|Any CPU
		Release|Any CPU = Release|Any CPU
	EndGlobalSection
	GlobalSection(ProjectConfigurationPlatforms) = postSolution
		{320217FF-096D-47A6-8DDE-3D2EBEE8456E}.Debug|Any CPU.ActiveCfg = Debug|Any CPU
		{320217FF-096D-47A6-8DDE-3D2EBEE8456E}.Debug|Any CPU.Build.0 = Debug|Any CPU
		{320217FF-096D-47A6-8DDE-3D2EBEE8456E}.Release|Any CPU.ActiveCfg = Release|Any CPU
		{320217FF-096D-47A6-8DDE-3D2EBEE8456E}.Release|Any CPU.Build.0 = Release|Any CPU
	EndGlobalSection
	GlobalSection(SolutionProperties) = preSolution
		HideSolutionNode = FALSE
	EndGlobalSection
	GlobalSection(ExtensibilityGlobals) = postSolution
		SolutionGuid = {736FB244-D32E-41D8-9BBF-5322A34F1BEE}
	EndGlobalSection
EndGlobal
